{
  "version": 4,
  "terraform_version": "0.15.1",
  "serial": 4,
  "lineage": "1407e9e6-83e2-5e15-84a8-77eef9403976",
  "outputs": {},
  "resources": [
    {
      "mode": "managed",
      "type": "azurerm_app_service",
      "name": "tata",
      "provider": "provider[\"registry.terraform.io/hashicorp/azurerm\"]",
      "instances": [
        {
          "schema_version": 0,
          "attributes": {
            "app_service_plan_id": "/subscriptions/558c0137-a01a-4f4b-867e-e6d93d83dd3c/resourceGroups/patbey/providers/Microsoft.Web/serverfarms/patbey",
            "app_settings": {
              "WEBSITE_NODE_DEFAULT_VERSION": "6.9.1"
            },
            "auth_settings": [
              {
                "active_directory": [],
                "additional_login_params": {},
                "allowed_external_redirect_urls": [],
                "default_provider": "",
                "enabled": false,
                "facebook": [],
                "google": [],
                "issuer": "",
                "microsoft": [],
                "runtime_version": "",
                "token_refresh_extension_hours": 0,
                "token_store_enabled": false,
                "twitter": [],
                "unauthenticated_client_action": ""
              }
            ],
            "backup": [],
            "client_affinity_enabled": false,
            "client_cert_enabled": false,
            "client_cert_mode": "Required",
            "connection_string": [],
            "custom_domain_verification_id": "25BB388FBBE874A50ABAE92DC08D38089982F3EA4AEE3279D9D42AE0D7424874",
            "default_site_hostname": "patbey-appservice.azurewebsites.net",
            "enabled": true,
            "https_only": false,
            "id": "/subscriptions/558c0137-a01a-4f4b-867e-e6d93d83dd3c/resourceGroups/patbey/providers/Microsoft.Web/sites/patbey-appservice",
            "identity": [],
            "key_vault_reference_identity_id": "SystemAssigned",
            "location": "eastus",
            "logs": [
              {
                "application_logs": [
                  {
                    "azure_blob_storage": [],
                    "file_system_level": "Off"
                  }
                ],
                "detailed_error_messages_enabled": false,
                "failed_request_tracing_enabled": false,
                "http_logs": [
                  {
                    "azure_blob_storage": [],
                    "file_system": []
                  }
                ]
              }
            ],
            "name": "patbey-appservice",
            "outbound_ip_address_list": [
              "20.75.218.99",
              "20.75.218.117",
              "20.75.218.162",
              "20.75.218.165",
              "20.75.218.173",
              "20.75.218.176",
              "20.49.104.57"
            ],
            "outbound_ip_addresses": "20.75.218.99,20.75.218.117,20.75.218.162,20.75.218.165,20.75.218.173,20.75.218.176,20.49.104.57",
            "possible_outbound_ip_address_list": [
              "20.75.218.99",
              "20.75.218.117",
              "20.75.218.162",
              "20.75.218.165",
              "20.75.218.173",
              "20.75.218.176",
              "20.75.218.178",
              "20.75.218.183",
              "20.75.218.186",
              "20.72.171.55",
              "20.75.218.191",
              "20.72.174.14",
              "20.75.218.210",
              "20.75.218.225",
              "20.75.218.234",
              "20.75.218.246",
              "20.75.219.3",
              "20.75.219.4",
              "52.151.211.88",
              "20.75.219.15",
              "20.75.219.22",
              "20.75.218.39",
              "20.75.216.39",
              "20.75.219.28",
              "20.75.219.30",
              "20.75.219.36",
              "20.75.219.40",
              "20.75.219.58",
              "40.76.166.51",
              "20.75.217.9",
              "20.49.104.57"
            ],
            "possible_outbound_ip_addresses": "20.75.218.99,20.75.218.117,20.75.218.162,20.75.218.165,20.75.218.173,20.75.218.176,20.75.218.178,20.75.218.183,20.75.218.186,20.72.171.55,20.75.218.191,20.72.174.14,20.75.218.210,20.75.218.225,20.75.218.234,20.75.218.246,20.75.219.3,20.75.219.4,52.151.211.88,20.75.219.15,20.75.219.22,20.75.218.39,20.75.216.39,20.75.219.28,20.75.219.30,20.75.219.36,20.75.219.40,20.75.219.58,40.76.166.51,20.75.217.9,20.49.104.57",
            "resource_group_name": "patbey",
            "site_config": [
              {
                "acr_use_managed_identity_credentials": false,
                "acr_user_managed_identity_client_id": "",
                "always_on": false,
                "app_command_line": "",
                "auto_swap_slot_name": "",
                "cors": [
                  {
                    "allowed_origins": [],
                    "support_credentials": false
                  }
                ],
                "default_documents": null,
                "dotnet_framework_version": "v4.0",
                "ftps_state": "AllAllowed",
                "health_check_path": "",
                "http2_enabled": false,
                "ip_restriction": [],
                "java_container": "",
                "java_container_version": "",
                "java_version": "",
                "linux_fx_version": "",
                "local_mysql_enabled": false,
                "managed_pipeline_mode": "Integrated",
                "min_tls_version": "1.2",
                "number_of_workers": 1,
                "php_version": "",
                "python_version": "",
                "remote_debugging_enabled": true,
                "remote_debugging_version": "VS2019",
                "scm_ip_restriction": [],
                "scm_type": "None",
                "scm_use_main_ip_restriction": false,
                "use_32_bit_worker_process": false,
                "vnet_route_all_enabled": false,
                "websockets_enabled": false,
                "windows_fx_version": ""
              }
            ],
            "site_credential": [
              {
                "password": "kQsZbaKw0JsyYFtWqhqKRwXuzbl5hnjT3K0Hw20bwe2pJMxxeaWdcRYGnAh4",
                "username": "$patbey-appservice"
              }
            ],
            "source_control": [
              {
                "branch": "master",
                "manual_integration": false,
                "repo_url": "",
                "rollback_enabled": false,
                "use_mercurial": false
              }
            ],
            "storage_account": [],
            "tags": null,
            "timeouts": null
          },
          "sensitive_attributes": [],
          "private": "eyJlMmJmYjczMC1lY2FhLTExZTYtOGY4OC0zNDM2M2JjN2M0YzAiOnsiY3JlYXRlIjoxODAwMDAwMDAwMDAwLCJkZWxldGUiOjE4MDAwMDAwMDAwMDAsInJlYWQiOjMwMDAwMDAwMDAwMCwidXBkYXRlIjoxODAwMDAwMDAwMDAwfX0=",
          "dependencies": [
            "azurerm_app_service_plan.tat",
            "azurerm_resource_group.tit"
          ]
        }
      ]
    },
    {
      "mode": "managed",
      "type": "azurerm_app_service_plan",
      "name": "tat",
      "provider": "provider[\"registry.terraform.io/hashicorp/azurerm\"]",
      "instances": [
        {
          "schema_version": 0,
          "attributes": {
            "app_service_environment_id": "",
            "id": "/subscriptions/558c0137-a01a-4f4b-867e-e6d93d83dd3c/resourceGroups/patbey/providers/Microsoft.Web/serverfarms/patbey",
            "is_xenon": false,
            "kind": "Windows",
            "location": "eastus",
            "maximum_elastic_worker_count": 1,
            "maximum_number_of_workers": 3,
            "name": "patbey",
            "per_site_scaling": false,
            "reserved": false,
            "resource_group_name": "patbey",
            "sku": [
              {
                "capacity": 1,
                "size": "B1",
                "tier": "Basic"
              }
            ],
            "tags": null,
            "timeouts": null,
            "zone_redundant": false
          },
          "sensitive_attributes": [],
          "private": "eyJlMmJmYjczMC1lY2FhLTExZTYtOGY4OC0zNDM2M2JjN2M0YzAiOnsiY3JlYXRlIjozNjAwMDAwMDAwMDAwLCJkZWxldGUiOjM2MDAwMDAwMDAwMDAsInJlYWQiOjMwMDAwMDAwMDAwMCwidXBkYXRlIjozNjAwMDAwMDAwMDAwfX0=",
          "dependencies": [
            "azurerm_resource_group.tit"
          ]
        }
      ]
    },
    {
      "mode": "managed",
      "type": "azurerm_resource_group",
      "name": "tit",
      "provider": "provider[\"registry.terraform.io/hashicorp/azurerm\"]",
      "instances": [
        {
          "schema_version": 0,
          "attributes": {
            "id": "/subscriptions/558c0137-a01a-4f4b-867e-e6d93d83dd3c/resourceGroups/patbey",
            "location": "eastus",
            "name": "patbey",
            "tags": null,
            "timeouts": null
          },
          "sensitive_attributes": [],
          "private": "eyJlMmJmYjczMC1lY2FhLTExZTYtOGY4OC0zNDM2M2JjN2M0YzAiOnsiY3JlYXRlIjo1NDAwMDAwMDAwMDAwLCJkZWxldGUiOjU0MDAwMDAwMDAwMDAsInJlYWQiOjMwMDAwMDAwMDAwMCwidXBkYXRlIjo1NDAwMDAwMDAwMDAwfX0="
        }
      ]
    }
  ]
}
